
Microsoft Visual Studio Solution File, Format Version 12.00
# Visual Studio Version 17
VisualStudioVersion = 17.5.33502.453
MinimumVisualStudioVersion = 10.0.40219.1
Project("{FAE04EC0-301F-11D3-BF4B-00C04F79EFBC}") = "NumericUpDownLib.WinUI", "NumericUpDownLib.WinUI\NumericUpDownLib.WinUI.csproj", "{187418CD-3F48-4B13-8EE2-0DAE5AFFF545}"
EndProject
Global
	GlobalSection(SolutionConfigurationPlatforms) = preSolution
		Debug|Any CPU = Debug|Any CPU
		Release|Any CPU = Release|Any CPU
	EndGlobalSection
	GlobalSection(ProjectConfigurationPlatforms) = postSolution
		{187418CD-3F48-4B13-8EE2-0DAE5AFFF545}.Debug|Any CPU.ActiveCfg = Debug|Any CPU
		{187418CD-3F48-4B13-8EE2-0DAE5AFFF545}.Debug|Any CPU.Build.0 = Debug|Any CPU
		{187418CD-3F48-4B13-8EE2-0DAE5AFFF545}.Release|Any CPU.ActiveCfg = Release|Any CPU
		{187418CD-3F48-4B13-8EE2-0DAE5AFFF545}.Release|Any CPU.Build.0 = Release|Any CPU
	EndGlobalSection
	GlobalSection(SolutionProperties) = preSolution
		HideSolutionNode = FALSE
	EndGlobalSection
	GlobalSection(ExtensibilityGlobals) = postSolution
		SolutionGuid = {8BD8098F-216B-496F-B08D-5FE8182F9439}
	EndGlobalSection
EndGlobal
